
Microsoft Visual Studio Solution File, Format Version 11.00
# Visual Studio 2010
Project("{FAE04EC0-301F-11D3-BF4B-00C04F79EFBC}") = "RazorPoker", "RazorPoker\RazorPoker.csproj", "{9DFB8809-2D7E-49D0-873F-05B81F3094F7}"
EndProject
Project("{FAE04EC0-301F-11D3-BF4B-00C04F79EFBC}") = "RazorPoker.Tests", "RazorPoker.Tests\RazorPoker.Tests.csproj", "{15DC264E-9107-451E-9FFD-7A8E940646DC}"
EndProject
Global
	GlobalSection(SolutionConfigurationPlatforms) = preSolution
		Debug|Any CPU = Debug|Any CPU
		Release|Any CPU = Release|Any CPU
	EndGlobalSection
	GlobalSection(ProjectConfigurationPlatforms) = postSolution
		{9DFB8809-2D7E-49D0-873F-05B81F3094F7}.Debug|Any CPU.ActiveCfg = Debug|Any CPU
		{9DFB8809-2D7E-49D0-873F-05B81F3094F7}.Debug|Any CPU.Build.0 = Debug|Any CPU
		{9DFB8809-2D7E-49D0-873F-05B81F3094F7}.Release|Any CPU.ActiveCfg = Release|Any CPU
		{9DFB8809-2D7E-49D0-873F-05B81F3094F7}.Release|Any CPU.Build.0 = Release|Any CPU
		{15DC264E-9107-451E-9FFD-7A8E940646DC}.Debug|Any CPU.ActiveCfg = Debug|Any CPU
		{15DC264E-9107-451E-9FFD-7A8E940646DC}.Debug|Any CPU.Build.0 = Debug|Any CPU
		{15DC264E-9107-451E-9FFD-7A8E940646DC}.Release|Any CPU.ActiveCfg = Release|Any CPU
		{15DC264E-9107-451E-9FFD-7A8E940646DC}.Release|Any CPU.Build.0 = Release|Any CPU
	EndGlobalSection
	GlobalSection(SolutionProperties) = preSolution
		HideSolutionNode = FALSE
	EndGlobalSection
EndGlobal
